
Microsoft Visual Studio Solution File, Format Version 12.00
# Visual Studio 15
VisualStudioVersion = 15.0.26730.3
MinimumVisualStudioVersion = 10.0.40219.1
Project("{FAE04EC0-301F-11D3-BF4B-00C04F79EFBC}") = "DemoWeb", "DemoWeb\DemoWeb.csproj", "{13EBCB2F-15D4-4997-BB9F-F4801E3F21DB}"
EndProject
Project("{FAE04EC0-301F-11D3-BF4B-00C04F79EFBC}") = "DemoTest", "DemoTest\DemoTest.csproj", "{0CDCB247-8335-4238-A026-3BFB09D923B6}"
EndProject
Global
	GlobalSection(SolutionConfigurationPlatforms) = preSolution
		Debug|Any CPU = Debug|Any CPU
		Release|Any CPU = Release|Any CPU
	EndGlobalSection
	GlobalSection(ProjectConfigurationPlatforms) = postSolution
		{13EBCB2F-15D4-4997-BB9F-F4801E3F21DB}.Debug|Any CPU.ActiveCfg = Debug|Any CPU
		{13EBCB2F-15D4-4997-BB9F-F4801E3F21DB}.Debug|Any CPU.Build.0 = Debug|Any CPU
		{13EBCB2F-15D4-4997-BB9F-F4801E3F21DB}.Release|Any CPU.ActiveCfg = Release|Any CPU
		{13EBCB2F-15D4-4997-BB9F-F4801E3F21DB}.Release|Any CPU.Build.0 = Release|Any CPU
		{0CDCB247-8335-4238-A026-3BFB09D923B6}.Debug|Any CPU.ActiveCfg = Debug|Any CPU
		{0CDCB247-8335-4238-A026-3BFB09D923B6}.Debug|Any CPU.Build.0 = Debug|Any CPU
		{0CDCB247-8335-4238-A026-3BFB09D923B6}.Release|Any CPU.ActiveCfg = Release|Any CPU
		{0CDCB247-8335-4238-A026-3BFB09D923B6}.Release|Any CPU.Build.0 = Release|Any CPU
	EndGlobalSection
	GlobalSection(SolutionProperties) = preSolution
		HideSolutionNode = FALSE
	EndGlobalSection
	GlobalSection(ExtensibilityGlobals) = postSolution
		SolutionGuid = {AAE54C9F-9D78-4FF3-9B10-B393214605E5}
	EndGlobalSection
EndGlobal
