{
    "version": 3,
    "terraform_version": "0.10.8",
    "serial": 9,
    "lineage": "8094200f-40e4-4474-9ffb-a8ee2e8603fb",
    "modules": [
        {
            "path": [
                "root"
            ],
            "outputs": {},
            "resources": {
                "digitalocean_droplet.web.0": {
                    "type": "digitalocean_droplet",
                    "depends_on": [
                        "digitalocean_tag.demo"
                    ],
                    "primary": {
                        "id": "68062804",
                        "attributes": {
                            "disk": "20",
                            "id": "68062804",
                            "image": "28864344",
                            "ipv4_address": "165.227.108.15",
                            "locked": "false",
                            "name": "demo-03",
                            "price_hourly": "0.00744",
                            "price_monthly": "5",
                            "region": "nyc3",
                            "resize_disk": "true",
                            "size": "512mb",
                            "ssh_keys.#": "1",
                            "ssh_keys.0": "14506728",
                            "status": "active",
                            "tags.#": "1",
                            "tags.0": "demo",
                            "user_data": "#cloud-config\ncoreos:\n  units:\n    - name: \"demo.service\"\n      command: \"start\"\n      content: |\n        [Unit]\n        Description=demo\n        After=docker.service\n\n        [Service]\n        ExecStart=/usr/bin/docker run -d -p 80:80 demo\n",
                            "vcpus": "1"
                        },
                        "meta": {},
                        "tainted": false
                    },
                    "deposed": [],
                    "provider": ""
                },
                "digitalocean_droplet.web.1": {
                    "type": "digitalocean_droplet",
                    "depends_on": [
                        "digitalocean_tag.demo"
                    ],
                    "primary": {
                        "id": "68062805",
                        "attributes": {
                            "disk": "20",
                            "id": "68062805",
                            "image": "28864344",
                            "ipv4_address": "165.227.98.86",
                            "locked": "false",
                            "name": "demo-03",
                            "price_hourly": "0.00744",
                            "price_monthly": "5",
                            "region": "nyc3",
                            "resize_disk": "true",
                            "size": "512mb",
                            "ssh_keys.#": "1",
                            "ssh_keys.0": "14506728",
                            "status": "active",
                            "tags.#": "1",
                            "tags.0": "demo",
                            "user_data": "#cloud-config\ncoreos:\n  units:\n    - name: \"demo.service\"\n      command: \"start\"\n      content: |\n        [Unit]\n        Description=demo\n        After=docker.service\n\n        [Service]\n        ExecStart=/usr/bin/docker run -d -p 80:80 demo\n",
                            "vcpus": "1"
                        },
                        "meta": {},
                        "tainted": false
                    },
                    "deposed": [],
                    "provider": ""
                },
                "digitalocean_droplet.web.2": {
                    "type": "digitalocean_droplet",
                    "depends_on": [
                        "digitalocean_tag.demo"
                    ],
                    "primary": {
                        "id": "68062803",
                        "attributes": {
                            "disk": "20",
                            "id": "68062803",
                            "image": "28864344",
                            "ipv4_address": "159.203.85.48",
                            "locked": "false",
                            "name": "demo-03",
                            "price_hourly": "0.00744",
                            "price_monthly": "5",
                            "region": "nyc3",
                            "resize_disk": "true",
                            "size": "512mb",
                            "ssh_keys.#": "1",
                            "ssh_keys.0": "14506728",
                            "status": "active",
                            "tags.#": "1",
                            "tags.0": "demo",
                            "user_data": "#cloud-config\ncoreos:\n  units:\n    - name: \"demo.service\"\n      command: \"start\"\n      content: |\n        [Unit]\n        Description=demo\n        After=docker.service\n\n        [Service]\n        ExecStart=/usr/bin/docker run -d -p 80:80 demo\n",
                            "vcpus": "1"
                        },
                        "meta": {},
                        "tainted": false
                    },
                    "deposed": [],
                    "provider": ""
                },
                "digitalocean_loadbalancer.demo": {
                    "type": "digitalocean_loadbalancer",
                    "depends_on": [
                        "digitalocean_tag.demo"
                    ],
                    "primary": {
                        "id": "5ee5aae6-2140-4935-820d-75480857bbd1",
                        "attributes": {
                            "algorithm": "round_robin",
                            "droplet_tag": "demo",
                            "forwarding_rule.#": "1",
                            "forwarding_rule.0.certificate_id": "",
                            "forwarding_rule.0.entry_port": "80",
                            "forwarding_rule.0.entry_protocol": "http",
                            "forwarding_rule.0.target_port": "80",
                            "forwarding_rule.0.target_protocol": "http",
                            "forwarding_rule.0.tls_passthrough": "false",
                            "healthcheck.#": "1",
                            "healthcheck.0.check_interval_seconds": "10",
                            "healthcheck.0.healthy_threshold": "5",
                            "healthcheck.0.path": "/",
                            "healthcheck.0.port": "22",
                            "healthcheck.0.protocol": "http",
                            "healthcheck.0.response_timeout_seconds": "5",
                            "healthcheck.0.unhealthy_threshold": "3",
                            "id": "5ee5aae6-2140-4935-820d-75480857bbd1",
                            "ip": "165.227.249.241",
                            "name": "demo",
                            "redirect_http_to_https": "false",
                            "region": "nyc3",
                            "sticky_sessions.#": "1",
                            "sticky_sessions.0.cookie_name": "",
                            "sticky_sessions.0.cookie_ttl_seconds": "0",
                            "sticky_sessions.0.type": "none"
                        },
                        "meta": {},
                        "tainted": false
                    },
                    "deposed": [],
                    "provider": ""
                },
                "digitalocean_tag.demo": {
                    "type": "digitalocean_tag",
                    "depends_on": [],
                    "primary": {
                        "id": "demo",
                        "attributes": {
                            "id": "demo",
                            "name": "demo"
                        },
                        "meta": {},
                        "tainted": false
                    },
                    "deposed": [],
                    "provider": ""
                }
            },
            "depends_on": []
        }
    ]
}
